
Microsoft Visual Studio Solution File, Format Version 12.00
# Visual Studio Version 17
VisualStudioVersion = 17.8.34316.72
MinimumVisualStudioVersion = 10.0.40219.1
Project("{FAE04EC0-301F-11D3-BF4B-00C04F79EFBC}") = "SistemaDeEstacionamento", "SistemaDeEstacionamento\SistemaDeEstacionamento.csproj", "{BE535F2D-5C6A-45C2-B0EB-841C7C2130B0}"
EndProject
Global
	GlobalSection(SolutionConfigurationPlatforms) = preSolution
		Debug|Any CPU = Debug|Any CPU
		Release|Any CPU = Release|Any CPU
	EndGlobalSection
	GlobalSection(ProjectConfigurationPlatforms) = postSolution
		{BE535F2D-5C6A-45C2-B0EB-841C7C2130B0}.Debug|Any CPU.ActiveCfg = Debug|Any CPU
		{BE535F2D-5C6A-45C2-B0EB-841C7C2130B0}.Debug|Any CPU.Build.0 = Debug|Any CPU
		{BE535F2D-5C6A-45C2-B0EB-841C7C2130B0}.Release|Any CPU.ActiveCfg = Release|Any CPU
		{BE535F2D-5C6A-45C2-B0EB-841C7C2130B0}.Release|Any CPU.Build.0 = Release|Any CPU
	EndGlobalSection
	GlobalSection(SolutionProperties) = preSolution
		HideSolutionNode = FALSE
	EndGlobalSection
	GlobalSection(ExtensibilityGlobals) = postSolution
		SolutionGuid = {6B0FCC53-BEB6-4131-ACEB-D67CE5DE8621}
	EndGlobalSection
EndGlobal
